# THIS IS AN AUTOGENERATED FILE. DO NOT EDIT THIS FILE DIRECTLY.
# yarn lockfile v1


check-valid-url@0.0.2:
  version "0.0.2"
  resolved "https://registry.yarnpkg.com/check-valid-url/-/check-valid-url-0.0.2.tgz#938fc545fc90b71edf800f7345bfd36f3aa0a057"
  integrity sha1-k4/FRfyQtx7fgA9zRb/TbzqgoFc=

query-strings@0.0.1:
  version "0.0.1"
  resolved "https://registry.yarnpkg.com/query-strings/-/query-strings-0.0.1.tgz#d22bab97c9d39e2267b3b8e5f78592424b3e58cd"
  integrity sha1-0iurl8nTniJns7jl94WSQks+WM0=
  dependencies:
    check-valid-url "0.0.2"
